<?xml version="1.0" encoding="utf-8"?>
<Project ToolsVersion="4.0" xmlns="http://schemas.microsoft.com/developer/msbuild/2003">
  <ItemGroup>
    <Filter Include="Source Files">
      <UniqueIdentifier>{4FC737F1-C7A5-4376-A066-2A32D752A2FF}</UniqueIdentifier>
      <Extensions>cpp;c;cc;cxx;c++;cppm;ixx;def;odl;idl;hpj;bat;asm;asmx</Extensions>
    </Filter>
    <Filter Include="Header Files">
      <UniqueIdentifier>{93995380-89BD-4b04-88EB-625FBE52EBFB}</UniqueIdentifier>
      <Extensions>h;hh;hpp;hxx;h++;hm;inl;inc;ipp;xsd</Extensions>
    </Filter>
    <Filter Include="Resource Files">
      <UniqueIdentifier>{67DA6AB6-F800-4c08-8B7A-83BB121AAD01}</UniqueIdentifier>
      <Extensions>rc;ico;cur;bmp;dlg;rc2;rct;bin;rgs;gif;jpg;jpeg;jpe;resx;tiff;tif;png;wav;mfcribbon-ms</Extensions>
    </Filter>
  </ItemGroup>
  <ItemGroup>
    <ClCompile Include="main.cpp">
      <Filter>Source Files</Filter>
    </ClCompile>
    <ClCompile Include="src\GUI\Bars\ProgressBar.cpp">
      <Filter>Source Files</Filter>
    </ClCompile>
    <ClCompile Include="src\GUI\Bars\StatusBar.cpp">
      <Filter>Source Files</Filter>
    </ClCompile>
    <ClCompile Include="src\GUI\Buttons\BindButton.cpp">
      <Filter>Source Files</Filter>
    </ClCompile>
    <ClCompile Include="src\GUI\Bars\TitleBar.cpp">
      <Filter>Source Files</Filter>
    </ClCompile>
    <ClCompile Include="src\GUI\MainWindow.cpp">
      <Filter>Source Files</Filter>
    </ClCompile>
    <ClCompile Include="src\GUI\Panels\LeftPanel.cpp">
      <Filter>Source Files</Filter>
    </ClCompile>
    <ClCompile Include="src\GUI\Panels\OutputPanel.cpp">
      <Filter>Source Files</Filter>
    </ClCompile>
    <ClCompile Include="src\GUI\Panels\RightPanel.cpp">
      <Filter>Source Files</Filter>
    </ClCompile>
    <ClCompile Include="src\GUI\Dialogs\ChangelogDialog.cpp">
      <Filter>Source Files</Filter>
    </ClCompile>
    <ClCompile Include="src\GUI\Dialogs\HashCompareDialog.cpp">
      <Filter>Source Files</Filter>
    </ClCompile>
    <ClCompile Include="src\GUI\Settings\SettingsDialog.cpp">
      <Filter>Source Files</Filter>
    </ClCompile>
    <ClCompile Include="src\GUI\Settings\tabs\GeneralTab.cpp">
      <Filter>Source Files</Filter>
    </ClCompile>
    <ClCompile Include="src\GUI\Settings\tabs\ObfuscationTab.cpp">
      <Filter>Source Files</Filter>
    </ClCompile>
    <ClCompile Include="src\GUI\Settings\tabs\IntegrityTab.cpp">
      <Filter>Source Files</Filter>
    </ClCompile>
    <ClCompile Include="src\GUI\Settings\tabs\ProfileTab.cpp">
      <Filter>Source Files</Filter>
    </ClCompile>
    <ClCompile Include="src\Core\Utils\PathUtils.cpp">
      <Filter>Source Files</Filter>
    </ClCompile>
    <ClCompile Include="GeneratedFiles\moc_ProgressBar.cpp">
      <Filter>Source Files</Filter>
    </ClCompile>
    <ClCompile Include="GeneratedFiles\moc_StatusBar.cpp">
      <Filter>Source Files</Filter>
    </ClCompile>
    <ClCompile Include="GeneratedFiles\moc_BindButton.cpp">
      <Filter>Source Files</Filter>
    </ClCompile>
    <ClCompile Include="GeneratedFiles\moc_TitleBar.cpp">
      <Filter>Source Files</Filter>
    </ClCompile>
    <ClCompile Include="GeneratedFiles\moc_MainWindow.cpp">
      <Filter>Source Files</Filter>
    </ClCompile>
    <ClCompile Include="GeneratedFiles\moc_LeftPanel.cpp">
      <Filter>Source Files</Filter>
    </ClCompile>
    <ClCompile Include="GeneratedFiles\moc_OutputPanel.cpp">
      <Filter>Source Files</Filter>
    </ClCompile>
    <ClCompile Include="GeneratedFiles\moc_RightPanel.cpp">
      <Filter>Source Files</Filter>
    </ClCompile>
    <ClCompile Include="GeneratedFiles\moc_ChangelogDialog.cpp">
      <Filter>Source Files</Filter>
    </ClCompile>
    <ClCompile Include="GeneratedFiles\moc_HashCompareDialog.cpp">
      <Filter>Source Files</Filter>
    </ClCompile>
    <ClCompile Include="GeneratedFiles\moc_SettingsDialog.cpp">
      <Filter>Source Files</Filter>
    </ClCompile>
    <ClCompile Include="GeneratedFiles\moc_GeneralTab.cpp">
      <Filter>Source Files</Filter>
    </ClCompile>
    <ClCompile Include="GeneratedFiles\moc_ObfuscationTab.cpp">
      <Filter>Source Files</Filter>
    </ClCompile>
    <ClCompile Include="GeneratedFiles\moc_IntegrityTab.cpp">
      <Filter>Source Files</Filter>
    </ClCompile>
    <ClCompile Include="GeneratedFiles\moc_ProfileTab.cpp">
      <Filter>Source Files</Filter>
    </ClCompile>
    <ClCompile Include="src\Core\Integrity\Validator\Validator.cpp">
      <Filter>Source Files</Filter>
    </ClCompile>
    <ClCompile Include="src\GUI\Threads\ValidatorThread.cpp">
      <Filter>Source Files</Filter>
    </ClCompile>
    <ClCompile Include="GeneratedFiles\moc_ValidatorThread.cpp">
      <Filter>Source Files</Filter>
    </ClCompile>
    <ClCompile Include="GeneratedFiles\moc_Validator.cpp">
      <Filter>Source Files</Filter>
    </ClCompile>
    <ClCompile Include="src\Core\Integrity\Compatibility\Compatibility.cpp">
      <Filter>Source Files</Filter>
    </ClCompile>
    <ClCompile Include="src\Core\Obfuscation\Obfuscation.cpp">
      <Filter>Source Files</Filter>
    </ClCompile>
    <ClCompile Include="src\Core\Obfuscation\Stub\JunkGenerator.cpp">
      <Filter>Source Files</Filter>
    </ClCompile>
    <ClCompile Include="src\Core\Obfuscation\Stub\NameGenerator.cpp">
      <Filter>Source Files</Filter>
    </ClCompile>
    <ClCompile Include="src\Core\Obfuscation\Stub\StubGenerator.cpp">
      <Filter>Source Files</Filter>
    </ClCompile>
    <ClCompile Include="src\Core\Obfuscation\Encryption\Encryptor.cpp">
      <Filter>Source Files</Filter>
    </ClCompile>
    <ClCompile Include="src\GUI\Threads\CompatibilityThread.cpp">
      <Filter>Source Files</Filter>
    </ClCompile>
    <ClCompile Include="src\GUI\Threads\ObfuscationThread.cpp">
      <Filter>Source Files</Filter>
    </ClCompile>
    <ClCompile Include="GeneratedFiles\moc_CompatibilityThread.cpp">
      <Filter>Source Files</Filter>
    </ClCompile>
    <ClCompile Include="GeneratedFiles\moc_Compatibility.cpp">
      <Filter>Source Files</Filter>
    </ClCompile>
    <ClCompile Include="GeneratedFiles\moc_ObfuscationThread.cpp">
      <Filter>Source Files</Filter>
    </ClCompile>
    <ClCompile Include="src\Core\Integrity\Verification\Verification.cpp">
      <Filter>Source Files</Filter>
    </ClCompile>
    <ClCompile Include="src\Core\Obfuscation\Mapping\StubMapper.cpp">
      <Filter>Source Files</Filter>
    </ClCompile>
    <ClCompile Include="src\GUI\Threads\VerificationThread.cpp">
      <Filter>Source Files</Filter>
    </ClCompile>
    <ClCompile Include="src\GUI\Dialogs\ObfuscationSelectionDialog.cpp">
      <Filter>Source Files</Filter>
    </ClCompile>
    <ClCompile Include="src\GUI\Dialogs\StubMapperDialog.cpp">
      <Filter>Source Files</Filter>
    </ClCompile>
    <ClCompile Include="GeneratedFiles\moc_ObfuscationSelectionDialog.cpp">
      <Filter>Source Files</Filter>
    </ClCompile>
    <ClCompile Include="GeneratedFiles\moc_StubMapperDialog.cpp">
      <Filter>Source Files</Filter>
    </ClCompile>
    <ClCompile Include="GeneratedFiles\moc_Verification.cpp">
      <Filter>Source Files</Filter>
    </ClCompile>
    <ClCompile Include="GeneratedFiles\moc_VerificationThread.cpp">
      <Filter>Source Files</Filter>
    </ClCompile>
    <ClCompile Include="src\Core\Utils\Utils.cpp">
      <Filter>Source Files</Filter>
    </ClCompile>
    <ClCompile Include="src\Core\Obfuscation\ControlFlow\ControlFlow.cpp">
      <Filter>Source Files</Filter>
    </ClCompile>
  </ItemGroup>
  <ItemGroup>
    <CustomBuild Include="include\GUI\Bars\ProgressBar.h">
      <Filter>Header Files</Filter>
    </CustomBuild>
    <CustomBuild Include="include\GUI\Bars\StatusBar.h">
      <Filter>Header Files</Filter>
    </CustomBuild>
    <CustomBuild Include="include\GUI\Buttons\BindButton.h">
      <Filter>Header Files</Filter>
    </CustomBuild>
    <CustomBuild Include="include\GUI\Bars\TitleBar.h">
      <Filter>Header Files</Filter>
    </CustomBuild>
    <CustomBuild Include="include\GUI\MainWindow.h">
      <Filter>Header Files</Filter>
    </CustomBuild>
    <CustomBuild Include="include\GUI\Panels\LeftPanel.h">
      <Filter>Header Files</Filter>
    </CustomBuild>
    <CustomBuild Include="include\GUI\Panels\OutputPanel.h">
      <Filter>Header Files</Filter>
    </CustomBuild>
    <CustomBuild Include="include\GUI\Panels\RightPanel.h">
      <Filter>Header Files</Filter>
    </CustomBuild>
  </ItemGroup>
  <ItemGroup>
    <ClInclude Include="include\Core\Utils\PathUtils.h">
      <Filter>Header Files</Filter>
    </ClInclude>
    <ClInclude Include="include\Core\Obfuscation\Obfuscation.h">
      <Filter>Header Files</Filter>
    </ClInclude>
    <ClInclude Include="include\Core\Obfuscation\Stub\JunkGenerator.h">
      <Filter>Header Files</Filter>
    </ClInclude>
    <ClInclude Include="include\Core\Obfuscation\Stub\NameGenerator.h">
      <Filter>Header Files</Filter>
    </ClInclude>
    <ClInclude Include="include\Core\Obfuscation\Encryption\Encryptor.h">
      <Filter>Header Files</Filter>
    </ClInclude>
    <ClInclude Include="include\Core\Obfuscation\Stub\StubGenerator.h">
      <Filter>Header Files</Filter>
    </ClInclude>
    <ClInclude Include="include\GUI\Themes\Colors.h">
      <Filter>Header Files</Filter>
    </ClInclude>
    <ClInclude Include="include\Core\Obfuscation\Mapping\StubMapper.h">
      <Filter>Header Files</Filter>
    </ClInclude>
    <ClInclude Include="resource.h">
      <Filter>Header Files</Filter>
    </ClInclude>
    <ClInclude Include="include\Core\Utils\Utils.h">
      <Filter>Header Files</Filter>
    </ClInclude>
    <ClInclude Include="include\Core\Obfuscation\ControlFlow\ControlFlow.h">
      <Filter>Header Files</Filter>
    </ClInclude>
  </ItemGroup>
  <ItemGroup>
    <Image Include="src\Res\Icons\compatibility.svg">
      <Filter>Resource Files</Filter>
    </Image>
    <Image Include="src\Res\Icons\export.svg">
      <Filter>Resource Files</Filter>
    </Image>
    <Image Include="src\Res\Icons\obfuscation.svg">
      <Filter>Resource Files</Filter>
    </Image>
    <Image Include="src\Res\Icons\reset.svg">
      <Filter>Resource Files</Filter>
    </Image>
    <Image Include="src\Res\Icons\settings.svg">
      <Filter>Resource Files</Filter>
    </Image>
    <Image Include="src\Res\Icons\syscaller.png">
      <Filter>Resource Files</Filter>
    </Image>
    <Image Include="src\Res\Icons\validation.svg">
      <Filter>Resource Files</Filter>
    </Image>
    <Image Include="src\Res\Icons\verification.svg">
      <Filter>Resource Files</Filter>
    </Image>
    <Image Include="src\Res\Icons\logo.ico">
      <Filter>Resource Files</Filter>
    </Image>
  </ItemGroup>
  <ItemGroup>
    <QtMoc Include="include\GUI\Dialogs\ChangelogDialog.h">
      <Filter>Header Files</Filter>
    </QtMoc>
    <QtMoc Include="include\GUI\Dialogs\HashCompareDialog.h">
      <Filter>Header Files</Filter>
    </QtMoc>
    <QtMoc Include="include\GUI\Settings\SettingsDialog.h">
      <Filter>Header Files</Filter>
    </QtMoc>
    <QtMoc Include="include\GUI\Settings\Tabs\GeneralTab.h">
      <Filter>Header Files</Filter>
    </QtMoc>
    <QtMoc Include="include\GUI\Settings\Tabs\ObfuscationTab.h">
      <Filter>Header Files</Filter>
    </QtMoc>
    <QtMoc Include="include\GUI\Settings\Tabs\IntegrityTab.h">
      <Filter>Header Files</Filter>
    </QtMoc>
    <QtMoc Include="include\GUI\Settings\Tabs\ProfileTab.h">
      <Filter>Header Files</Filter>
    </QtMoc>
    <QtMoc Include="include\Core\Integrity\Validator\Validator.h">
      <Filter>Header Files</Filter>
    </QtMoc>
    <QtMoc Include="include\GUI\Threads\ValidatorThread.h">
      <Filter>Header Files</Filter>
    </QtMoc>
    <QtMoc Include="include\GUI\Threads\CompatibilityThread.h">
      <Filter>Header Files</Filter>
    </QtMoc>
    <QtMoc Include="include\GUI\Threads\ObfuscationThread.h">
      <Filter>Header Files</Filter>
    </QtMoc>
    <QtMoc Include="include\Core\Integrity\Compatibility\Compatibility.h">
      <Filter>Header Files</Filter>
    </QtMoc>
    <QtMoc Include="include\GUI\Dialogs\ObfuscationSelectionDialog.h">
      <Filter>Header Files</Filter>
    </QtMoc>
    <QtMoc Include="include\GUI\Dialogs\StubMapperDialog.h">
      <Filter>Header Files</Filter>
    </QtMoc>
    <QtMoc Include="include\Core\Integrity\Verification\Verification.h">
      <Filter>Header Files</Filter>
    </QtMoc>
    <QtMoc Include="include\GUI\Threads\VerificationThread.h">
      <Filter>Header Files</Filter>
    </QtMoc>
  </ItemGroup>
  <ItemGroup>
    <Font Include="src\Res\Fonts\ibmplexmono.ttf" />
  </ItemGroup>
  <ItemGroup>
    <QtRcc Include="resources.qrc" />
  </ItemGroup>
  <ItemGroup>
    <ResourceCompile Include="app.rc">
      <Filter>Resource Files</Filter>
    </ResourceCompile>
  </ItemGroup>
</Project>